# This file was autogenerated by uv via the following command:
#    uv pip compile requirements/runtime.txt --python-version 3.12 -o requirements/runtime.lock
cffi==2.1.1
    # via cryptography
cryptography==50.0.1
    # via -r requirements/runtime.txt
pillow==12.3.0
    # via -r requirements/runtime.txt
pyaes==1.6.1
    # via pyrofork
pycparser==3.0
    # via cffi
pymediainfo-pyrofork==6.0.2
    # via pyrofork
pyrofork==2.3.69
    # via -r requirements/runtime.txt
pysocks==1.7.1
    # via pyrofork
python-dotenv==1.2.3
    # via -r requirements/runtime.txt
tgcrypto-pyrofork==1.2.8
    # via pyrofork
uvloop==0.22.1
    # via pyrofork
